<?xml version="1.0" encoding="utf-8"?>
<Project ToolsVersion="4.0" xmlns="http://schemas.microsoft.com/developer/msbuild/2003">
  <ItemGroup>
    <Filter Include="Source Files">
      <UniqueIdentifier>{b97cec7b-6275-4aa0-83a9-8ccc4685ac08}</UniqueIdentifier>
      <Extensions>*.cpp</Extensions>
    </Filter>
    <Filter Include="Header Files">
      <UniqueIdentifier>{53f4c3ee-6807-4978-908c-3fcb03f2a9ac}</UniqueIdentifier>
    </Filter>
    <Filter Include="Resource Files">
      <UniqueIdentifier>{78047a06-e8a6-4f07-8cbd-58b98d144cc6}</UniqueIdentifier>
    </Filter>
  </ItemGroup>
  <ItemGroup>
    <ClCompile Include="..\alnpp\alnpp.cpp">
      <Filter>Source Files</Filter>
    </ClCompile>
    <ClCompile Include="..\alnpp\datafile.cpp">
      <Filter>Source Files</Filter>
    </ClCompile>
  </ItemGroup>
  <ItemGroup>
    <ClInclude Include="..\include\alnpp.h">
      <Filter>Header Files</Filter>
    </ClInclude>
    <ClInclude Include="..\include\targetver.h">
      <Filter>Header Files</Filter>
    </ClInclude>
  </ItemGroup>
</Project>