<?xml version="1.0" encoding="utf-8"?>
<Project ToolsVersion="4.0" xmlns="http://schemas.microsoft.com/developer/msbuild/2003">
  <ItemGroup>
    <Filter Include="Source Files">
      <UniqueIdentifier>{9307e77e-3af9-4fcc-8ad4-184b95b678b1}</UniqueIdentifier>
      <Extensions>cpp;c;cxx;rc;def;r;odl;hpj;bat;for;f90</Extensions>
    </Filter>
    <Filter Include="Source Files\dtree">
      <UniqueIdentifier>{a5eae0d7-42eb-4e9d-9a57-d227790e8ed5}</UniqueIdentifier>
      <Extensions>*.c; *.h; *.def; *.rc</Extensions>
    </Filter>
    <Filter Include="Header Files">
      <UniqueIdentifier>{7251a3ca-a133-4ad5-a66b-35fcb2c2bd45}</UniqueIdentifier>
      <Extensions>h;hpp;hxx;hm;inl;fi;fd</Extensions>
    </Filter>
    <Filter Include="Documentation">
      <UniqueIdentifier>{803a4729-0a51-46a2-9820-33125a779b98}</UniqueIdentifier>
      <Extensions>*.doc;*.txt</Extensions>
    </Filter>
    <Filter Include="Resource Files">
      <UniqueIdentifier>{26346dc5-a66e-4919-a95e-b6eb95297b21}</UniqueIdentifier>
      <Extensions>ico;cur;bmp;dlg;rc2;rct;bin;cnt;rtf;gif;jpg;jpeg;jpe</Extensions>
    </Filter>
    <Filter Include="Header Files\boost">
      <UniqueIdentifier>{46395483-4463-4996-a673-65ecdbc44562}</UniqueIdentifier>
    </Filter>
    <Filter Include="Header Files\boost\config">
      <UniqueIdentifier>{094ae7af-c80a-412b-afe8-21b7a98e4d22}</UniqueIdentifier>
    </Filter>
  </ItemGroup>
  <ItemGroup>
    <ClCompile Include="..\src\adapteval.cpp">
      <Filter>Source Files</Filter>
    </ClCompile>
    <ClCompile Include="..\src\adaptevallfn.cpp">
      <Filter>Source Files</Filter>
    </ClCompile>
    <ClCompile Include="..\src\adaptlfn.cpp">
      <Filter>Source Files</Filter>
    </ClCompile>
    <ClCompile Include="..\src\adaptminmax.cpp">
      <Filter>Source Files</Filter>
    </ClCompile>
    <ClCompile Include="..\src\alloccolumnbase.cpp">
      <Filter>Source Files</Filter>
    </ClCompile>
    <ClCompile Include="..\src\alnabort.cpp">
      <Filter>Source Files</Filter>
    </ClCompile>
    <ClCompile Include="..\src\alnaddtreestring.cpp">
      <Filter>Source Files</Filter>
    </ClCompile>
    <ClCompile Include="..\src\alnasert.cpp">
      <Filter>Source Files</Filter>
    </ClCompile>
    <ClCompile Include="..\src\alncalcconfidence.cpp">
      <Filter>Source Files</Filter>
    </ClCompile>
    <ClCompile Include="..\src\alncalcrmserror.cpp">
      <Filter>Source Files</Filter>
    </ClCompile>
    <ClCompile Include="..\src\alnconfidenceplimit.cpp">
      <Filter>Source Files</Filter>
    </ClCompile>
    <ClCompile Include="..\src\alnconfidencetlimit.cpp">
      <Filter>Source Files</Filter>
    </ClCompile>
    <ClCompile Include="..\src\alnconvertdtree.cpp">
      <Filter>Source Files</Filter>
    </ClCompile>
    <ClCompile Include="..\src\alneval.cpp">
      <Filter>Source Files</Filter>
    </ClCompile>
    <ClCompile Include="..\src\alnex.cpp">
      <Filter>Source Files</Filter>
    </ClCompile>
    <ClCompile Include="..\src\alninvert.cpp">
      <Filter>Source Files</Filter>
    </ClCompile>
    <ClCompile Include="..\src\alnio.cpp">
      <Filter>Source Files</Filter>
    </ClCompile>
    <ClCompile Include="..\src\alnlfnanalysis.cpp">
      <Filter>Source Files</Filter>
    </ClCompile>
    <ClCompile Include="..\src\alnmem.cpp">
      <Filter>Source Files</Filter>
    </ClCompile>
    <ClCompile Include="..\src\alnquickeval.cpp">
      <Filter>Source Files</Filter>
    </ClCompile>
    <ClCompile Include="..\src\alnrand.cpp">
      <Filter>Source Files</Filter>
    </ClCompile>
    <ClCompile Include="..\src\alntestvalid.cpp">
      <Filter>Source Files</Filter>
    </ClCompile>
    <ClCompile Include="..\src\alntrace.cpp">
      <Filter>Source Files</Filter>
    </ClCompile>
    <ClCompile Include="..\src\alntrain.cpp">
      <Filter>Source Files</Filter>
    </ClCompile>
    <ClCompile Include="..\src\alnvarmono.cpp">
      <Filter>Source Files</Filter>
    </ClCompile>
    <ClCompile Include="..\src\buildcutoffroute.cpp">
      <Filter>Source Files</Filter>
    </ClCompile>
    <ClCompile Include="..\src\builddtree.cpp">
      <Filter>Source Files</Filter>
    </ClCompile>
    <ClCompile Include="..\src\calcactivechild.cpp">
      <Filter>Source Files</Filter>
    </ClCompile>
    <ClCompile Include="..\src\calccovariance.cpp">
      <Filter>Source Files</Filter>
    </ClCompile>
    <ClCompile Include="..\src\calcdataendpoints.cpp">
      <Filter>Source Files</Filter>
    </ClCompile>
    <ClCompile Include="..\src\countlfns.cpp">
      <Filter>Source Files</Filter>
    </ClCompile>
    <ClCompile Include="..\src\cutoff.cpp">
      <Filter>Source Files</Filter>
    </ClCompile>
    <ClCompile Include="..\src\cutoffeval.cpp">
      <Filter>Source Files</Filter>
    </ClCompile>
    <ClCompile Include="..\src\cutoffevallfn.cpp">
      <Filter>Source Files</Filter>
    </ClCompile>
    <ClCompile Include="..\src\cutoffevalminmax.cpp">
      <Filter>Source Files</Filter>
    </ClCompile>
    <ClCompile Include="..\src\debugevalminmax.cpp">
      <Filter>Source Files</Filter>
    </ClCompile>
    <ClCompile Include="..\src\evaltree.cpp">
      <Filter>Source Files</Filter>
    </ClCompile>
    <ClCompile Include="..\src\fillinputvector.cpp">
      <Filter>Source Files</Filter>
    </ClCompile>
    <ClCompile Include="..\src\freecolumnbase.cpp">
      <Filter>Source Files</Filter>
    </ClCompile>
    <ClCompile Include="..\src\getvarconstraint.cpp">
      <Filter>Source Files</Filter>
    </ClCompile>
    <ClCompile Include="..\src\initlfns.cpp">
      <Filter>Source Files</Filter>
    </ClCompile>
    <ClCompile Include="..\src\jitter.cpp">
      <Filter>Source Files</Filter>
    </ClCompile>
    <ClCompile Include="..\src\plimit.cpp">
      <Filter>Source Files</Filter>
    </ClCompile>
    <ClCompile Include="..\src\prepaln.cpp">
      <Filter>Source Files</Filter>
    </ClCompile>
    <ClCompile Include="..\src\shuffle.cpp">
      <Filter>Source Files</Filter>
    </ClCompile>
    <ClCompile Include="..\src\split_ops.cpp">
      <Filter>Source Files</Filter>
    </ClCompile>
    <ClCompile Include="..\src\splitlfn.cpp">
      <Filter>Source Files</Filter>
    </ClCompile>
    <ClCompile Include="..\src\train_ops.cpp">
      <Filter>Source Files</Filter>
    </ClCompile>
    <ClCompile Include="..\src\validatedatainfo.cpp">
      <Filter>Source Files</Filter>
    </ClCompile>
    <ClCompile Include="..\src\dtree\dtr_bio.c">
      <Filter>Source Files\dtree</Filter>
    </ClCompile>
    <ClCompile Include="..\src\dtree\dtr_err.c">
      <Filter>Source Files\dtree</Filter>
    </ClCompile>
    <ClCompile Include="..\src\dtree\dtr_io.c">
      <Filter>Source Files\dtree</Filter>
    </ClCompile>
    <ClCompile Include="..\src\dtree\dtr_mem.c">
      <Filter>Source Files\dtree</Filter>
    </ClCompile>
    <ClCompile Include="..\src\dtree\dtree.c">
      <Filter>Source Files\dtree</Filter>
    </ClCompile>
    <ClCompile Include="..\src\adaptevalminmax.cpp">
      <Filter>Source Files</Filter>
    </ClCompile>
    <ClCompile Include="..\src\alnfitdeepsetup.cpp">
      <Filter>Source Files</Filter>
    </ClCompile>
  </ItemGroup>
  <ItemGroup>
    <ClInclude Include="..\src\dtree\DTR_PRIV.H">
      <Filter>Source Files\dtree</Filter>
    </ClInclude>
    <ClInclude Include="..\include\aln.h">
      <Filter>Header Files</Filter>
    </ClInclude>
    <ClInclude Include="..\include\alncfg.h">
      <Filter>Header Files</Filter>
    </ClInclude>
    <ClInclude Include="..\include\alndbg.h">
      <Filter>Header Files</Filter>
    </ClInclude>
    <ClInclude Include="..\include\alnpriv.h">
      <Filter>Header Files</Filter>
    </ClInclude>
    <ClInclude Include="..\include\alnver.h">
      <Filter>Header Files</Filter>
    </ClInclude>
    <ClInclude Include="..\include\dtree.h">
      <Filter>Header Files</Filter>
    </ClInclude>
    <ClInclude Include="..\include\targetver.h">
      <Filter>Header Files</Filter>
    </ClInclude>
    <ClInclude Include="..\include\boost\config.hpp">
      <Filter>Header Files\boost</Filter>
    </ClInclude>
    <ClInclude Include="..\include\boost\version.hpp">
      <Filter>Header Files\boost</Filter>
    </ClInclude>
    <ClInclude Include="..\include\boost\config\select_compiler_config.hpp">
      <Filter>Header Files\boost\config</Filter>
    </ClInclude>
    <ClInclude Include="..\include\boost\config\user.hpp">
      <Filter>Header Files\boost\config</Filter>
    </ClInclude>
    <ClInclude Include="..\include\alnpp.h">
      <Filter>Header Files</Filter>
    </ClInclude>
    <ClInclude Include="..\include\datafile.h">
      <Filter>Header Files</Filter>
    </ClInclude>
    <ClInclude Include="..\include\alnextern.h">
      <Filter>Header Files</Filter>
    </ClInclude>
    <ClInclude Include="..\include\alnintern.h">
      <Filter>Header Files</Filter>
    </ClInclude>
    <ClInclude Include="..\include\cmyaln.h">
      <Filter>Header Files</Filter>
    </ClInclude>
  </ItemGroup>
  <ItemGroup>
    <None Include="..\docs\libaln.doc">
      <Filter>Documentation</Filter>
    </None>
  </ItemGroup>
</Project>